
Microsoft Visual Studio Solution File, Format Version 12.00
# Visual Studio Version 17
VisualStudioVersion = 17.9.34728.123
MinimumVisualStudioVersion = 10.0.40219.1
Project("{9A19103F-16F7-4668-BE54-9A1E7A4F7556}") = "Playground", "Playground\Playground.csproj", "{0C6947A5-4C5F-4C38-9AE6-0EEE2DBD5834}"
EndProject
Project("{9A19103F-16F7-4668-BE54-9A1E7A4F7556}") = "DesktopAppAPI", "desktopAppAPI\DesktopAppAPI.csproj", "{BD044D68-98E9-42C0-90A2-40B9176F22B3}"
EndProject
Project("{FAE04EC0-301F-11D3-BF4B-00C04F79EFBC}") = "DesktopPurchasingApplication", "DesktopPurchasingApplication\DesktopPurchasingApplication.csproj", "{D7B78CCB-D876-456A-99DC-A9EE03604E4A}"
EndProject
Global
	GlobalSection(SolutionConfigurationPlatforms) = preSolution
		Debug|Any CPU = Debug|Any CPU
		Release|Any CPU = Release|Any CPU
	EndGlobalSection
	GlobalSection(ProjectConfigurationPlatforms) = postSolution
		{0C6947A5-4C5F-4C38-9AE6-0EEE2DBD5834}.Debug|Any CPU.ActiveCfg = Debug|Any CPU
		{0C6947A5-4C5F-4C38-9AE6-0EEE2DBD5834}.Debug|Any CPU.Build.0 = Debug|Any CPU
		{0C6947A5-4C5F-4C38-9AE6-0EEE2DBD5834}.Release|Any CPU.ActiveCfg = Release|Any CPU
		{0C6947A5-4C5F-4C38-9AE6-0EEE2DBD5834}.Release|Any CPU.Build.0 = Release|Any CPU
		{BD044D68-98E9-42C0-90A2-40B9176F22B3}.Debug|Any CPU.ActiveCfg = Debug|Any CPU
		{BD044D68-98E9-42C0-90A2-40B9176F22B3}.Debug|Any CPU.Build.0 = Debug|Any CPU
		{BD044D68-98E9-42C0-90A2-40B9176F22B3}.Release|Any CPU.ActiveCfg = Release|Any CPU
		{BD044D68-98E9-42C0-90A2-40B9176F22B3}.Release|Any CPU.Build.0 = Release|Any CPU
		{D7B78CCB-D876-456A-99DC-A9EE03604E4A}.Debug|Any CPU.ActiveCfg = Debug|Any CPU
		{D7B78CCB-D876-456A-99DC-A9EE03604E4A}.Debug|Any CPU.Build.0 = Debug|Any CPU
		{D7B78CCB-D876-456A-99DC-A9EE03604E4A}.Release|Any CPU.ActiveCfg = Release|Any CPU
		{D7B78CCB-D876-456A-99DC-A9EE03604E4A}.Release|Any CPU.Build.0 = Release|Any CPU
	EndGlobalSection
	GlobalSection(SolutionProperties) = preSolution
		HideSolutionNode = FALSE
	EndGlobalSection
	GlobalSection(ExtensibilityGlobals) = postSolution
		SolutionGuid = {CD6C1A00-A1E6-4FA2-84F6-BAE8DB383717}
	EndGlobalSection
EndGlobal
